
Microsoft Visual Studio Solution File, Format Version 12.00
# Visual Studio Version 16
VisualStudioVersion = 16.0.30907.101
MinimumVisualStudioVersion = 10.0.40219.1
Project("{FAE04EC0-301F-11D3-BF4B-00C04F79EFBC}") = "Entities-POJO", "Entities-POJO\Entities-POJO.csproj", "{A82C6985-7184-4523-8E70-2033AA555FF5}"
EndProject
Project("{2150E333-8FDC-42A3-9474-1A3956D46DE8}") = "1_Entities", "1_Entities", "{B9BC21CB-ABB1-43C5-8FEF-39FF634FAC3F}"
EndProject
Project("{2150E333-8FDC-42A3-9474-1A3956D46DE8}") = "2_DataAccess", "2_DataAccess", "{2AB44B0D-E88D-43E7-A006-3EB4134F8D07}"
EndProject
Project("{2150E333-8FDC-42A3-9474-1A3956D46DE8}") = "3_Execeptions", "3_Execeptions", "{DAA6E730-C086-4458-9F07-B2F1E64CA9CA}"
EndProject
Project("{2150E333-8FDC-42A3-9474-1A3956D46DE8}") = "4_API", "4_API", "{7E3BB4F3-7E26-4B5D-970C-BFF343402B59}"
EndProject
Project("{FAE04EC0-301F-11D3-BF4B-00C04F79EFBC}") = "DataAccess", "DataAccess\DataAccess.csproj", "{04D7C73C-6EC2-4E11-A6AF-DC04D6F24466}"
EndProject
Project("{FAE04EC0-301F-11D3-BF4B-00C04F79EFBC}") = "Exceptions", "Exceptions\Exceptions.csproj", "{0E5F5A29-B6E4-4A71-B4CB-6E0129108D98}"
EndProject
Project("{FAE04EC0-301F-11D3-BF4B-00C04F79EFBC}") = "CoreAPI", "CoreAPI\CoreAPI.csproj", "{CA94589F-D791-4C5B-9C61-29F64B49F30B}"
EndProject
Project("{FAE04EC0-301F-11D3-BF4B-00C04F79EFBC}") = "WebAPI", "WebAPI\WebAPI.csproj", "{D440071A-207B-408C-A020-FE43CDD0BD12}"
EndProject
Project("{2150E333-8FDC-42A3-9474-1A3956D46DE8}") = "5_WEB_APP", "5_WEB_APP", "{62C3AC01-F79B-4ACB-98BD-8FCD6E4D08BA}"
EndProject
Project("{FAE04EC0-301F-11D3-BF4B-00C04F79EFBC}") = "WebApp", "WebApp\WebApp.csproj", "{F4E00567-EF29-47CE-B163-DC1D1BFBA7B0}"
EndProject
Project("{2150E333-8FDC-42A3-9474-1A3956D46DE8}") = "6_TELEGRAM_BOT", "6_TELEGRAM_BOT", "{25F0F6A9-F619-40B0-B0B2-97534002A506}"
EndProject
Project("{FAE04EC0-301F-11D3-BF4B-00C04F79EFBC}") = "TelegramBot", "TelegramBot\TelegramBot.csproj", "{89F89A9C-B0CD-4938-8D57-0DDB1E3800F1}"
EndProject
Project("{2150E333-8FDC-42A3-9474-1A3956D46DE8}") = "7_QR_Scanner", "7_QR_Scanner", "{29DCEDA7-F739-430B-9BD1-F200C585DA43}"
EndProject
Project("{FAE04EC0-301F-11D3-BF4B-00C04F79EFBC}") = "QrScanner", "QrScanner\QrScanner.csproj", "{38266087-6B66-4105-AC73-EC0C38C4CE46}"
EndProject
Global
	GlobalSection(SolutionConfigurationPlatforms) = preSolution
		Debug|Any CPU = Debug|Any CPU
		Release|Any CPU = Release|Any CPU
	EndGlobalSection
	GlobalSection(ProjectConfigurationPlatforms) = postSolution
		{A82C6985-7184-4523-8E70-2033AA555FF5}.Debug|Any CPU.ActiveCfg = Debug|Any CPU
		{A82C6985-7184-4523-8E70-2033AA555FF5}.Debug|Any CPU.Build.0 = Debug|Any CPU
		{A82C6985-7184-4523-8E70-2033AA555FF5}.Release|Any CPU.ActiveCfg = Release|Any CPU
		{A82C6985-7184-4523-8E70-2033AA555FF5}.Release|Any CPU.Build.0 = Release|Any CPU
		{04D7C73C-6EC2-4E11-A6AF-DC04D6F24466}.Debug|Any CPU.ActiveCfg = Debug|Any CPU
		{04D7C73C-6EC2-4E11-A6AF-DC04D6F24466}.Debug|Any CPU.Build.0 = Debug|Any CPU
		{04D7C73C-6EC2-4E11-A6AF-DC04D6F24466}.Release|Any CPU.ActiveCfg = Release|Any CPU
		{04D7C73C-6EC2-4E11-A6AF-DC04D6F24466}.Release|Any CPU.Build.0 = Release|Any CPU
		{0E5F5A29-B6E4-4A71-B4CB-6E0129108D98}.Debug|Any CPU.ActiveCfg = Debug|Any CPU
		{0E5F5A29-B6E4-4A71-B4CB-6E0129108D98}.Debug|Any CPU.Build.0 = Debug|Any CPU
		{0E5F5A29-B6E4-4A71-B4CB-6E0129108D98}.Release|Any CPU.ActiveCfg = Release|Any CPU
		{0E5F5A29-B6E4-4A71-B4CB-6E0129108D98}.Release|Any CPU.Build.0 = Release|Any CPU
		{CA94589F-D791-4C5B-9C61-29F64B49F30B}.Debug|Any CPU.ActiveCfg = Debug|Any CPU
		{CA94589F-D791-4C5B-9C61-29F64B49F30B}.Debug|Any CPU.Build.0 = Debug|Any CPU
		{CA94589F-D791-4C5B-9C61-29F64B49F30B}.Release|Any CPU.ActiveCfg = Release|Any CPU
		{CA94589F-D791-4C5B-9C61-29F64B49F30B}.Release|Any CPU.Build.0 = Release|Any CPU
		{D440071A-207B-408C-A020-FE43CDD0BD12}.Debug|Any CPU.ActiveCfg = Debug|Any CPU
		{D440071A-207B-408C-A020-FE43CDD0BD12}.Debug|Any CPU.Build.0 = Debug|Any CPU
		{D440071A-207B-408C-A020-FE43CDD0BD12}.Release|Any CPU.ActiveCfg = Release|Any CPU
		{D440071A-207B-408C-A020-FE43CDD0BD12}.Release|Any CPU.Build.0 = Release|Any CPU
		{F4E00567-EF29-47CE-B163-DC1D1BFBA7B0}.Debug|Any CPU.ActiveCfg = Debug|Any CPU
		{F4E00567-EF29-47CE-B163-DC1D1BFBA7B0}.Debug|Any CPU.Build.0 = Debug|Any CPU
		{F4E00567-EF29-47CE-B163-DC1D1BFBA7B0}.Release|Any CPU.ActiveCfg = Release|Any CPU
		{F4E00567-EF29-47CE-B163-DC1D1BFBA7B0}.Release|Any CPU.Build.0 = Release|Any CPU
		{89F89A9C-B0CD-4938-8D57-0DDB1E3800F1}.Debug|Any CPU.ActiveCfg = Debug|Any CPU
		{89F89A9C-B0CD-4938-8D57-0DDB1E3800F1}.Debug|Any CPU.Build.0 = Debug|Any CPU
		{89F89A9C-B0CD-4938-8D57-0DDB1E3800F1}.Release|Any CPU.ActiveCfg = Release|Any CPU
		{89F89A9C-B0CD-4938-8D57-0DDB1E3800F1}.Release|Any CPU.Build.0 = Release|Any CPU
		{38266087-6B66-4105-AC73-EC0C38C4CE46}.Debug|Any CPU.ActiveCfg = Debug|Any CPU
		{38266087-6B66-4105-AC73-EC0C38C4CE46}.Debug|Any CPU.Build.0 = Debug|Any CPU
		{38266087-6B66-4105-AC73-EC0C38C4CE46}.Release|Any CPU.ActiveCfg = Release|Any CPU
		{38266087-6B66-4105-AC73-EC0C38C4CE46}.Release|Any CPU.Build.0 = Release|Any CPU
	EndGlobalSection
	GlobalSection(SolutionProperties) = preSolution
		HideSolutionNode = FALSE
	EndGlobalSection
	GlobalSection(NestedProjects) = preSolution
		{A82C6985-7184-4523-8E70-2033AA555FF5} = {B9BC21CB-ABB1-43C5-8FEF-39FF634FAC3F}
		{04D7C73C-6EC2-4E11-A6AF-DC04D6F24466} = {2AB44B0D-E88D-43E7-A006-3EB4134F8D07}
		{0E5F5A29-B6E4-4A71-B4CB-6E0129108D98} = {DAA6E730-C086-4458-9F07-B2F1E64CA9CA}
		{CA94589F-D791-4C5B-9C61-29F64B49F30B} = {7E3BB4F3-7E26-4B5D-970C-BFF343402B59}
		{D440071A-207B-408C-A020-FE43CDD0BD12} = {7E3BB4F3-7E26-4B5D-970C-BFF343402B59}
		{F4E00567-EF29-47CE-B163-DC1D1BFBA7B0} = {62C3AC01-F79B-4ACB-98BD-8FCD6E4D08BA}
		{89F89A9C-B0CD-4938-8D57-0DDB1E3800F1} = {25F0F6A9-F619-40B0-B0B2-97534002A506}
		{38266087-6B66-4105-AC73-EC0C38C4CE46} = {29DCEDA7-F739-430B-9BD1-F200C585DA43}
	EndGlobalSection
	GlobalSection(ExtensibilityGlobals) = postSolution
		SolutionGuid = {2B90643F-E55B-40BB-BB18-74DC815C58A0}
	EndGlobalSection
EndGlobal
